// !$*UTF8*$!
{
	archiveVersion = 1;
	classes = {
	};
	objectVersion = 46;
	objects = {

/* Begin PBXBuildFile section */
		D770C7C61E1E208E0060EDC3 /* AppDelegate.swift in Sources */ = {isa = PBXBuildFile; fileRef = D770C7C51E1E208E0060EDC3 /* AppDelegate.swift */; };
		D770C7CB1E1E208E0060EDC3 /* Main.storyboard in Resources */ = {isa = PBXBuildFile; fileRef = D770C7C91E1E208E0060EDC3 /* Main.storyboard */; };
		D770C7CD1E1E208E0060EDC3 /* Assets.xcassets in Resources */ = {isa = PBXBuildFile; fileRef = D770C7CC1E1E208E0060EDC3 /* Assets.xcassets */; };
		D770C7D01E1E208E0060EDC3 /* LaunchScreen.storyboard in Resources */ = {isa = PBXBuildFile; fileRef = D770C7CE1E1E208E0060EDC3 /* LaunchScreen.storyboard */; };
/* End PBXBuildFile section */

/* Begin PBXFileReference section */
		D770C7C21E1E208E0060EDC3 /* JWDouYuZB.app */ = {isa = PBXFileReference; explicitFileType = wrapper.application; includeInIndex = 0; path = JWDouYuZB.app; sourceTree = BUILT_PRODUCTS_DIR; };
		D770C7C51E1E208E0060EDC3 /* AppDelegate.swift */ = {isa = PBXFileReference; lastKnownFileType = sourcecode.swift; path = AppDelegate.swift; sourceTree = "<group>"; };
		D770C7CA1E1E208E0060EDC3 /* Base */ = {isa = PBXFileReference; lastKnownFileType = file.storyboard; name = Base; path = Base.lproj/Main.storyboard; sourceTree = "<group>"; };
		D770C7CC1E1E208E0060EDC3 /* Assets.xcassets */ = {isa = PBXFileReference; lastKnownFileType = folder.assetcatalog; path = Assets.xcassets; sourceTree = "<group>"; };
		D770C7CF1E1E208E0060EDC3 /* Base */ = {isa = PBXFileReference; lastKnownFileType = file.storyboard; name = Base; path = Base.lproj/LaunchScreen.storyboard; sourceTree = "<group>"; };
		D770C7D11E1E208E0060EDC3 /* Info.plist */ = {isa = PBXFileReference; lastKnownFileType = text.plist.xml; path = Info.plist; sourceTree = "<group>"; };
/* End PBXFileReference section */

/* Begin PBXFrameworksBuildPhase section */
		D770C7BF1E1E208E0060EDC3 /* Frameworks */ = {
			isa = PBXFrameworksBuildPhase;
			buildActionMask = 2147483647;
			files = (
			);
			runOnlyForDeploymentPostprocessing = 0;
		};
/* End PBXFrameworksBuildPhase section */

/* Begin PBXGroup section */
		D770C7B91E1E208E0060EDC3 = {
			isa = PBXGroup;
			children = (
				D770C7C41E1E208E0060EDC3 /* JWDouYuZB */,
				D770C7C31E1E208E0060EDC3 /* Products */,
			);
			sourceTree = "<group>";
		};
		D770C7C31E1E208E0060EDC3 /* Products */ = {
			isa = PBXGroup;
			children = (
				D770C7C21E1E208E0060EDC3 /* JWDouYuZB.app */,
			);
			name = Products;
			sourceTree = "<group>";
		};
		D770C7C41E1E208E0060EDC3 /* JWDouYuZB */ = {
			isa = PBXGroup;
			children = (
				D770C7D71E1E28130060EDC3 /* Classes */,
				D770C7C51E1E208E0060EDC3 /* AppDelegate.swift */,
				D770C7C91E1E208E0060EDC3 /* Main.storyboard */,
				D770C7CC1E1E208E0060EDC3 /* Assets.xcassets */,
				D770C7CE1E1E208E0060EDC3 /* LaunchScreen.storyboard */,
				D770C7D11E1E208E0060EDC3 /* Info.plist */,
			);
			path = JWDouYuZB;
			sourceTree = "<group>";
		};
		D770C7D71E1E28130060EDC3 /* Classes */ = {
			isa = PBXGroup;
			children = (
				D770C7DB1E1E28130060EDC3 /* Main */,
				D770C7D91E1E28130060EDC3 /* Home */,
				D770C7DA1E1E28130060EDC3 /* Live */,
				D770C7D81E1E28130060EDC3 /* Follow */,
				D770C7DC1E1E28130060EDC3 /* Profile */,
				D770C7DD1E1E28130060EDC3 /* Tools */,
			);
			path = Classes;
			sourceTree = "<group>";
		};
		D770C7D81E1E28130060EDC3 /* Follow */ = {
			isa = PBXGroup;
			children = (
			);
			path = Follow;
			sourceTree = "<group>";
		};
		D770C7D91E1E28130060EDC3 /* Home */ = {
			isa = PBXGroup;
			children = (
			);
			path = Home;
			sourceTree = "<group>";
		};
		D770C7DA1E1E28130060EDC3 /* Live */ = {
			isa = PBXGroup;
			children = (
			);
			path = Live;
			sourceTree = "<group>";
		};
		D770C7DB1E1E28130060EDC3 /* Main */ = {
			isa = PBXGroup;
			children = (
			);
			path = Main;
			sourceTree = "<group>";
		};
		D770C7DC1E1E28130060EDC3 /* Profile */ = {
			isa = PBXGroup;
			children = (
			);
			path = Profile;
			sourceTree = "<group>";
		};
		D770C7DD1E1E28130060EDC3 /* Tools */ = {
			isa = PBXGroup;
			children = (
			);
			path = Tools;
			sourceTree = "<group>";
		};
/* End PBXGroup section */

/* Begin PBXNativeTarget section */
		D770C7C11E1E208E0060EDC3 /* JWDouYuZB */ = {
			isa = PBXNativeTarget;
			buildConfigurationList = D770C7D41E1E208E0060EDC3 /* Build configuration list for PBXNativeTarget "JWDouYuZB" */;
			buildPhases = (
				D770C7BE1E1E208E0060EDC3 /* Sources */,
				D770C7BF1E1E208E0060EDC3 /* Frameworks */,
				D770C7C01E1E208E0060EDC3 /* Resources */,
			);
			buildRules = (
			);
			dependencies = (
			);
			name = JWDouYuZB;
			productName = JWDouYuZB;
			productReference = D770C7C21E1E208E0060EDC3 /* JWDouYuZB.app */;
			productType = "com.apple.product-type.application";
		};
/* End PBXNativeTarget section */

/* Begin PBXProject section */
		D770C7BA1E1E208E0060EDC3 /* Project object */ = {
			isa = PBXProject;
			attributes = {
				LastSwiftUpdateCheck = 0820;
				LastUpgradeCheck = 0820;
				ORGANIZATIONNAME = "简伟";
				TargetAttributes = {
					D770C7C11E1E208E0060EDC3 = {
						CreatedOnToolsVersion = 8.2;
						ProvisioningStyle = Automatic;
					};
				};
			};
			buildConfigurationList = D770C7BD1E1E208E0060EDC3 /* Build configuration list for PBXProject "JWDouYuZB" */;
			compatibilityVersion = "Xcode 3.2";
			developmentRegion = English;
			hasScannedForEncodings = 0;
			knownRegions = (
				en,
				Base,
			);
			mainGroup = D770C7B91E1E208E0060EDC3;
			productRefGroup = D770C7C31E1E208E0060EDC3 /* Products */;
			projectDirPath = "";
			projectRoot = "";
			targets = (
				D770C7C11E1E208E0060EDC3 /* JWDouYuZB */,
			);
		};
/* End PBXProject section */

/* Begin PBXResourcesBuildPhase section */
		D770C7C01E1E208E0060EDC3 /* Resources */ = {
			isa = PBXResourcesBuildPhase;
			buildActionMask = 2147483647;
			files = (
				D770C7D01E1E208E0060EDC3 /* LaunchScreen.storyboard in Resources */,
				D770C7CD1E1E208E0060EDC3 /* Assets.xcassets in Resources */,
				D770C7CB1E1E208E0060EDC3 /* Main.storyboard in Resources */,
			);
			runOnlyForDeploymentPostprocessing = 0;
		};
/* End PBXResourcesBuildPhase section */

/* Begin PBXSourcesBuildPhase section */
		D770C7BE1E1E208E0060EDC3 /* Sources */ = {
			isa = PBXSourcesBuildPhase;
			buildActionMask = 2147483647;
			files = (
				D770C7C61E1E208E0060EDC3 /* AppDelegate.swift in Sources */,
			);
			runOnlyForDeploymentPostprocessing = 0;
		};
/* End PBXSourcesBuildPhase section */

/* Begin PBXVariantGroup section */
		D770C7C91E1E208E0060EDC3 /* Main.storyboard */ = {
			isa = PBXVariantGroup;
			children = (
				D770C7CA1E1E208E0060EDC3 /* Base */,
			);
			name = Main.storyboard;
			sourceTree = "<group>";
		};
		D770C7CE1E1E208E0060EDC3 /* LaunchScreen.storyboard */ = {
			isa = PBXVariantGroup;
			children = (
				D770C7CF1E1E208E0060EDC3 /* Base */,
			);
			name = LaunchScreen.storyboard;
			sourceTree = "<group>";
		};
/* End PBXVariantGroup section */

/* Begin XCBuildConfiguration section */
		D770C7D21E1E208E0060EDC3 /* Debug */ = {
			isa = XCBuildConfiguration;
			buildSettings = {
				ALWAYS_SEARCH_USER_PATHS = NO;
				CLANG_ANALYZER_NONNULL = YES;
				CLANG_CXX_LANGUAGE_STANDARD = "gnu++0x";
				CLANG_CXX_LIBRARY = "libc++";
				CLANG_ENABLE_MODULES = YES;
				CLANG_ENABLE_OBJC_ARC = YES;
				CLANG_WARN_BOOL_CONVERSION = YES;
				CLANG_WARN_CONSTANT_CONVERSION = YES;
				CLANG_WARN_DIRECT_OBJC_ISA_USAGE = YES_ERROR;
				CLANG_WARN_DOCUMENTATION_COMMENTS = YES;
				CLANG_WARN_EMPTY_BODY = YES;
				CLANG_WARN_ENUM_CONVERSION = YES;
				CLANG_WARN_INFINITE_RECURSION = YES;
				CLANG_WARN_INT_CONVERSION = YES;
				CLANG_WARN_OBJC_ROOT_CLASS = YES_ERROR;
				CLANG_WARN_SUSPICIOUS_MOVE = YES;
				CLANG_WARN_UNREACHABLE_CODE = YES;
				CLANG_WARN__DUPLICATE_METHOD_MATCH = YES;
				"CODE_SIGN_IDENTITY[sdk=iphoneos*]" = "iPhone Developer";
				COPY_PHASE_STRIP = NO;
				DEBUG_INFORMATION_FORMAT = dwarf;
				ENABLE_STRICT_OBJC_MSGSEND = YES;
				ENABLE_TESTABILITY = YES;
				GCC_C_LANGUAGE_STANDARD = gnu99;
				GCC_DYNAMIC_NO_PIC = NO;
				GCC_NO_COMMON_BLOCKS = YES;
				GCC_OPTIMIZATION_LEVEL = 0;
				GCC_PREPROCESSOR_DEFINITIONS = (
					"DEBUG=1",
					"$(inherited)",
				);
				GCC_WARN_64_TO_32_BIT_CONVERSION = YES;
				GCC_WARN_ABOUT_RETURN_TYPE = YES_ERROR;
				GCC_WARN_UNDECLARED_SELECTOR = YES;
				GCC_WARN_UNINITIALIZED_AUTOS = YES_AGGRESSIVE;
				GCC_WARN_UNUSED_FUNCTION = YES;
				GCC_WARN_UNUSED_VARIABLE = YES;
				IPHONEOS_DEPLOYMENT_TARGET = 10.2;
				MTL_ENABLE_DEBUG_INFO = YES;
				ONLY_ACTIVE_ARCH = YES;
				SDKROOT = iphoneos;
				SWIFT_ACTIVE_COMPILATION_CONDITIONS = DEBUG;
				SWIFT_OPTIMIZATION_LEVEL = "-Onone";
			};
			name = Debug;
		};
		D770C7D31E1E208E0060EDC3 /* Release */ = {
			isa = XCBuildConfiguration;
			buildSettings = {
				ALWAYS_SEARCH_USER_PATHS = NO;
				CLANG_ANALYZER_NONNULL = YES;
				CLANG_CXX_LANGUAGE_STANDARD = "gnu++0x";
				CLANG_CXX_LIBRARY = "libc++";
				CLANG_ENABLE_MODULES = YES;
				CLANG_ENABLE_OBJC_ARC = YES;
				CLANG_WARN_BOOL_CONVERSION = YES;
				CLANG_WARN_CONSTANT_CONVERSION = YES;
				CLANG_WARN_DIRECT_OBJC_ISA_USAGE = YES_ERROR;
				CLANG_WARN_DOCUMENTATION_COMMENTS = YES;
				CLANG_WARN_EMPTY_BODY = YES;
				CLANG_WARN_ENUM_CONVERSION = YES;
				CLANG_WARN_INFINITE_RECURSION = YES;
				CLANG_WARN_INT_CONVERSION = YES;
				CLANG_WARN_OBJC_ROOT_CLASS = YES_ERROR;
				CLANG_WARN_SUSPICIOUS_MOVE = YES;
				CLANG_WARN_UNREACHABLE_CODE = YES;
				CLANG_WARN__DUPLICATE_METHOD_MATCH = YES;
				"CODE_SIGN_IDENTITY[sdk=iphoneos*]" = "iPhone Developer";
				COPY_PHASE_STRIP = NO;
				DEBUG_INFORMATION_FORMAT = "dwarf-with-dsym";
				ENABLE_NS_ASSERTIONS = NO;
				ENABLE_STRICT_OBJC_MSGSEND = YES;
				GCC_C_LANGUAGE_STANDARD = gnu99;
				GCC_NO_COMMON_BLOCKS = YES;
				GCC_WARN_64_TO_32_BIT_CONVERSION = YES;
				GCC_WARN_ABOUT_RETURN_TYPE = YES_ERROR;
				GCC_WARN_UNDECLARED_SELECTOR = YES;
				GCC_WARN_UNINITIALIZED_AUTOS = YES_AGGRESSIVE;
				GCC_WARN_UNUSED_FUNCTION = YES;
				GCC_WARN_UNUSED_VARIABLE = YES;
				IPHONEOS_DEPLOYMENT_TARGET = 10.2;
				MTL_ENABLE_DEBUG_INFO = NO;
				SDKROOT = iphoneos;
				SWIFT_OPTIMIZATION_LEVEL = "-Owholemodule";
				VALIDATE_PRODUCT = YES;
			};
			name = Release;
		};
		D770C7D51E1E208E0060EDC3 /* Debug */ = {
			isa = XCBuildConfiguration;
			buildSettings = {
				ASSETCATALOG_COMPILER_APPICON_NAME = AppIcon;
				ASSETCATALOG_COMPILER_LAUNCHIMAGE_NAME = LaunchImage;
				INFOPLIST_FILE = JWDouYuZB/Info.plist;
				IPHONEOS_DEPLOYMENT_TARGET = 9.0;
				LD_RUNPATH_SEARCH_PATHS = "$(inherited) @executable_path/Frameworks";
				PRODUCT_BUNDLE_IDENTIFIER = com.JW.JWDouYuZB;
				PRODUCT_NAME = "$(TARGET_NAME)";
				SWIFT_VERSION = 3.0;
			};
			name = Debug;
		};
		D770C7D61E1E208E0060EDC3 /* Release */ = {
			isa = XCBuildConfiguration;
			buildSettings = {
				ASSETCATALOG_COMPILER_APPICON_NAME = AppIcon;
				ASSETCATALOG_COMPILER_LAUNCHIMAGE_NAME = LaunchImage;
				INFOPLIST_FILE = JWDouYuZB/Info.plist;
				IPHONEOS_DEPLOYMENT_TARGET = 9.0;
				LD_RUNPATH_SEARCH_PATHS = "$(inherited) @executable_path/Frameworks";
				PRODUCT_BUNDLE_IDENTIFIER = com.JW.JWDouYuZB;
				PRODUCT_NAME = "$(TARGET_NAME)";
				SWIFT_VERSION = 3.0;
			};
			name = Release;
		};
/* End XCBuildConfiguration section */

/* Begin XCConfigurationList section */
		D770C7BD1E1E208E0060EDC3 /* Build configuration list for PBXProject "JWDouYuZB" */ = {
			isa = XCConfigurationList;
			buildConfigurations = (
				D770C7D21E1E208E0060EDC3 /* Debug */,
				D770C7D31E1E208E0060EDC3 /* Release */,
			);
			defaultConfigurationIsVisible = 0;
			defaultConfigurationName = Release;
		};
		D770C7D41E1E208E0060EDC3 /* Build configuration list for PBXNativeTarget "JWDouYuZB" */ = {
			isa = XCConfigurationList;
			buildConfigurations = (
				D770C7D51E1E208E0060EDC3 /* Debug */,
				D770C7D61E1E208E0060EDC3 /* Release */,
			);
			defaultConfigurationIsVisible = 0;
		};
/* End XCConfigurationList section */
	};
	rootObject = D770C7BA1E1E208E0060EDC3 /* Project object */;
}
