// !$*UTF8*$!
{
	archiveVersion = 1;
	classes = {
	};
	objectVersion = 46;
	objects = {

/* Begin PBXBuildFile section */
		5FDA0CF72F31336B38001D48 /* Pods_JWDouYuZB.framework in Frameworks */ = {isa = PBXBuildFile; fileRef = 4F46BB8DA197D67AB2F516BB /* Pods_JWDouYuZB.framework */; };
		D770C7C61E1E208E0060EDC3 /* AppDelegate.swift in Sources */ = {isa = PBXBuildFile; fileRef = D770C7C51E1E208E0060EDC3 /* AppDelegate.swift */; };
		D770C7CB1E1E208E0060EDC3 /* Main.storyboard in Resources */ = {isa = PBXBuildFile; fileRef = D770C7C91E1E208E0060EDC3 /* Main.storyboard */; };
		D770C7CD1E1E208E0060EDC3 /* Assets.xcassets in Resources */ = {isa = PBXBuildFile; fileRef = D770C7CC1E1E208E0060EDC3 /* Assets.xcassets */; };
		D770C7D01E1E208E0060EDC3 /* LaunchScreen.storyboard in Resources */ = {isa = PBXBuildFile; fileRef = D770C7CE1E1E208E0060EDC3 /* LaunchScreen.storyboard */; };
		D770C7E21E1E30090060EDC3 /* Home.storyboard in Resources */ = {isa = PBXBuildFile; fileRef = D770C7E01E1E30090060EDC3 /* Home.storyboard */; };
		D770C7E41E1E30190060EDC3 /* Live.storyboard in Resources */ = {isa = PBXBuildFile; fileRef = D770C7E31E1E30190060EDC3 /* Live.storyboard */; };
		D770C7E71E1E302A0060EDC3 /* Follow.storyboard in Resources */ = {isa = PBXBuildFile; fileRef = D770C7E51E1E302A0060EDC3 /* Follow.storyboard */; };
		D770C7E91E1E30410060EDC3 /* Profile.storyboard in Resources */ = {isa = PBXBuildFile; fileRef = D770C7E81E1E30410060EDC3 /* Profile.storyboard */; };
		D770C7F11E1E340A0060EDC3 /* HomeViewController.swift in Sources */ = {isa = PBXBuildFile; fileRef = D770C7F01E1E340A0060EDC3 /* HomeViewController.swift */; };
		D770C7F41E1E37DD0060EDC3 /* UIBarButtonItem+Extension.swift in Sources */ = {isa = PBXBuildFile; fileRef = D770C7F31E1E37DD0060EDC3 /* UIBarButtonItem+Extension.swift */; };
		D770C7F61E1E3D3D0060EDC3 /* PageTitleView.swift in Sources */ = {isa = PBXBuildFile; fileRef = D770C7F51E1E3D3D0060EDC3 /* PageTitleView.swift */; };
		D770C7F81E1E3F040060EDC3 /* Common.swift in Sources */ = {isa = PBXBuildFile; fileRef = D770C7F71E1E3F040060EDC3 /* Common.swift */; };
		D770C7FA1E1E4B6D0060EDC3 /* PageContentView.swift in Sources */ = {isa = PBXBuildFile; fileRef = D770C7F91E1E4B6D0060EDC3 /* PageContentView.swift */; };
		D770C7FC1E1E4F0C0060EDC3 /* UIColor+Extension.swift in Sources */ = {isa = PBXBuildFile; fileRef = D770C7FB1E1E4F0C0060EDC3 /* UIColor+Extension.swift */; };
		D770C7FE1E1F7E570060EDC3 /* CommendViewController.swift in Sources */ = {isa = PBXBuildFile; fileRef = D770C7FD1E1F7E570060EDC3 /* CommendViewController.swift */; };
		D770C8011E1F88800060EDC3 /* CollectionHeaderView.swift in Sources */ = {isa = PBXBuildFile; fileRef = D770C7FF1E1F88800060EDC3 /* CollectionHeaderView.swift */; };
		D770C8021E1F88800060EDC3 /* CollectionHeaderView.xib in Resources */ = {isa = PBXBuildFile; fileRef = D770C8001E1F88800060EDC3 /* CollectionHeaderView.xib */; };
		D770C8051E1F8D570060EDC3 /* CollectionNormalCell.swift in Sources */ = {isa = PBXBuildFile; fileRef = D770C8031E1F8D570060EDC3 /* CollectionNormalCell.swift */; };
		D770C8061E1F8D570060EDC3 /* CollectionNormalCell.xib in Resources */ = {isa = PBXBuildFile; fileRef = D770C8041E1F8D570060EDC3 /* CollectionNormalCell.xib */; };
		D796CB061E2329D7001C3A7F /* CollectionPrettyCell.swift in Sources */ = {isa = PBXBuildFile; fileRef = D796CB041E2329D7001C3A7F /* CollectionPrettyCell.swift */; };
		D796CB071E2329D7001C3A7F /* CollectionPrettyCell.xib in Resources */ = {isa = PBXBuildFile; fileRef = D796CB051E2329D7001C3A7F /* CollectionPrettyCell.xib */; };
		D796CB091E2360F7001C3A7F /* NetWorkingTools.swift in Sources */ = {isa = PBXBuildFile; fileRef = D796CB081E2360F7001C3A7F /* NetWorkingTools.swift */; };
		D796CB0C1E236994001C3A7F /* CommendViewModel.swift in Sources */ = {isa = PBXBuildFile; fileRef = D796CB0B1E236994001C3A7F /* CommendViewModel.swift */; };
		D796CB0E1E236C12001C3A7F /* NSDate+Extension.swift in Sources */ = {isa = PBXBuildFile; fileRef = D796CB0D1E236C12001C3A7F /* NSDate+Extension.swift */; };
		D796CB101E236FA5001C3A7F /* AnchorGroup.swift in Sources */ = {isa = PBXBuildFile; fileRef = D796CB0F1E236FA5001C3A7F /* AnchorGroup.swift */; };
		D796CB121E237737001C3A7F /* AnchorModel.swift in Sources */ = {isa = PBXBuildFile; fileRef = D796CB111E237737001C3A7F /* AnchorModel.swift */; };
		D796CB141E24BAFA001C3A7F /* CommendCycleView.swift in Sources */ = {isa = PBXBuildFile; fileRef = D796CB131E24BAFA001C3A7F /* CommendCycleView.swift */; };
		D796CB161E24BB17001C3A7F /* CommendCycleView.xib in Resources */ = {isa = PBXBuildFile; fileRef = D796CB151E24BB17001C3A7F /* CommendCycleView.xib */; };
		D796CB181E24C857001C3A7F /* CycleModel.swift in Sources */ = {isa = PBXBuildFile; fileRef = D796CB171E24C857001C3A7F /* CycleModel.swift */; };
		D796CB1B1E24CC48001C3A7F /* CollectionCycleCell.swift in Sources */ = {isa = PBXBuildFile; fileRef = D796CB191E24CC48001C3A7F /* CollectionCycleCell.swift */; };
		D796CB1C1E24CC48001C3A7F /* CollectionCycleCell.xib in Resources */ = {isa = PBXBuildFile; fileRef = D796CB1A1E24CC48001C3A7F /* CollectionCycleCell.xib */; };
		D796CB1E1E25D9FD001C3A7F /* CommendGameView.swift in Sources */ = {isa = PBXBuildFile; fileRef = D796CB1D1E25D9FD001C3A7F /* CommendGameView.swift */; };
		D796CB201E25DA07001C3A7F /* CommendGameView.xib in Resources */ = {isa = PBXBuildFile; fileRef = D796CB1F1E25DA07001C3A7F /* CommendGameView.xib */; };
		D796CB231E25E0E2001C3A7F /* CollectionGameCell.swift in Sources */ = {isa = PBXBuildFile; fileRef = D796CB211E25E0E2001C3A7F /* CollectionGameCell.swift */; };
		D796CB241E25E0E2001C3A7F /* CollectionGameCell.xib in Resources */ = {isa = PBXBuildFile; fileRef = D796CB221E25E0E2001C3A7F /* CollectionGameCell.xib */; };
		D796CB261E260B4E001C3A7F /* GameViewController.swift in Sources */ = {isa = PBXBuildFile; fileRef = D796CB251E260B4E001C3A7F /* GameViewController.swift */; };
		D796CB281E261146001C3A7F /* GameViewModel.swift in Sources */ = {isa = PBXBuildFile; fileRef = D796CB271E261146001C3A7F /* GameViewModel.swift */; };
		D796CB2A1E261225001C3A7F /* GameModel.swift in Sources */ = {isa = PBXBuildFile; fileRef = D796CB291E261225001C3A7F /* GameModel.swift */; };
		D796CB2C1E261685001C3A7F /* BaseGameModel.swift in Sources */ = {isa = PBXBuildFile; fileRef = D796CB2B1E261685001C3A7F /* BaseGameModel.swift */; };
		D796CB2E1E273131001C3A7F /* AmuseViewController.swift in Sources */ = {isa = PBXBuildFile; fileRef = D796CB2D1E273131001C3A7F /* AmuseViewController.swift */; };
		D796CB301E275803001C3A7F /* AmuseViewModel.swift in Sources */ = {isa = PBXBuildFile; fileRef = D796CB2F1E275803001C3A7F /* AmuseViewModel.swift */; };
		D796CB331E287177001C3A7F /* BaseViewModel.swift in Sources */ = {isa = PBXBuildFile; fileRef = D796CB321E287177001C3A7F /* BaseViewModel.swift */; };
		D796CB351E2873CA001C3A7F /* BaseAnchorViewController.swift in Sources */ = {isa = PBXBuildFile; fileRef = D796CB341E2873CA001C3A7F /* BaseAnchorViewController.swift */; };
		D796CB371E2C67A2001C3A7F /* AmuseMenuView.swift in Sources */ = {isa = PBXBuildFile; fileRef = D796CB361E2C67A2001C3A7F /* AmuseMenuView.swift */; };
		D796CB391E2C67C1001C3A7F /* AmuseMenuView.xib in Resources */ = {isa = PBXBuildFile; fileRef = D796CB381E2C67C1001C3A7F /* AmuseMenuView.xib */; };
		D796CB3C1E2C6D58001C3A7F /* AmuseMenuCell.swift in Sources */ = {isa = PBXBuildFile; fileRef = D796CB3A1E2C6D58001C3A7F /* AmuseMenuCell.swift */; };
		D796CB3D1E2C6D58001C3A7F /* AmuseMenuCell.xib in Resources */ = {isa = PBXBuildFile; fileRef = D796CB3B1E2C6D58001C3A7F /* AmuseMenuCell.xib */; };
		D796CB3F1E2C9C8C001C3A7F /* FunnyViewController.swift in Sources */ = {isa = PBXBuildFile; fileRef = D796CB3E1E2C9C8C001C3A7F /* FunnyViewController.swift */; };
		D796CB411E2CA058001C3A7F /* FunnyViewModel.swift in Sources */ = {isa = PBXBuildFile; fileRef = D796CB401E2CA058001C3A7F /* FunnyViewModel.swift */; };
		D796CB431E2CA516001C3A7F /* BaseViewController.swift in Sources */ = {isa = PBXBuildFile; fileRef = D796CB421E2CA516001C3A7F /* BaseViewController.swift */; };
		D796CB4A1E2CACA4001C3A7F /* RoomShowViewController.swift in Sources */ = {isa = PBXBuildFile; fileRef = D796CB491E2CACA4001C3A7F /* RoomShowViewController.swift */; };
		D796CB4C1E2CACC8001C3A7F /* RoomNormalViewController.swift in Sources */ = {isa = PBXBuildFile; fileRef = D796CB4B1E2CACC8001C3A7F /* RoomNormalViewController.swift */; };
		D796CB4E1E2CB10A001C3A7F /* CustomNavigationController.swift in Sources */ = {isa = PBXBuildFile; fileRef = D796CB4D1E2CB10A001C3A7F /* CustomNavigationController.swift */; };
/* End PBXBuildFile section */

/* Begin PBXFileReference section */
		49AD84D3D1665C6C55F330CD /* Pods-JWDouYuZB.release.xcconfig */ = {isa = PBXFileReference; includeInIndex = 1; lastKnownFileType = text.xcconfig; name = "Pods-JWDouYuZB.release.xcconfig"; path = "Pods/Target Support Files/Pods-JWDouYuZB/Pods-JWDouYuZB.release.xcconfig"; sourceTree = "<group>"; };
		4F46BB8DA197D67AB2F516BB /* Pods_JWDouYuZB.framework */ = {isa = PBXFileReference; explicitFileType = wrapper.framework; includeInIndex = 0; path = Pods_JWDouYuZB.framework; sourceTree = BUILT_PRODUCTS_DIR; };
		AA34D2B861E8F0A93AF7C664 /* Pods-JWDouYuZB.debug.xcconfig */ = {isa = PBXFileReference; includeInIndex = 1; lastKnownFileType = text.xcconfig; name = "Pods-JWDouYuZB.debug.xcconfig"; path = "Pods/Target Support Files/Pods-JWDouYuZB/Pods-JWDouYuZB.debug.xcconfig"; sourceTree = "<group>"; };
		D770C7C21E1E208E0060EDC3 /* JWDouYuZB.app */ = {isa = PBXFileReference; explicitFileType = wrapper.application; includeInIndex = 0; path = JWDouYuZB.app; sourceTree = BUILT_PRODUCTS_DIR; };
		D770C7C51E1E208E0060EDC3 /* AppDelegate.swift */ = {isa = PBXFileReference; lastKnownFileType = sourcecode.swift; path = AppDelegate.swift; sourceTree = "<group>"; };
		D770C7CA1E1E208E0060EDC3 /* Base */ = {isa = PBXFileReference; lastKnownFileType = file.storyboard; name = Base; path = Base.lproj/Main.storyboard; sourceTree = "<group>"; };
		D770C7CC1E1E208E0060EDC3 /* Assets.xcassets */ = {isa = PBXFileReference; lastKnownFileType = folder.assetcatalog; path = Assets.xcassets; sourceTree = "<group>"; };
		D770C7CF1E1E208E0060EDC3 /* Base */ = {isa = PBXFileReference; lastKnownFileType = file.storyboard; name = Base; path = Base.lproj/LaunchScreen.storyboard; sourceTree = "<group>"; };
		D770C7D11E1E208E0060EDC3 /* Info.plist */ = {isa = PBXFileReference; lastKnownFileType = text.plist.xml; path = Info.plist; sourceTree = "<group>"; };
		D770C7E11E1E30090060EDC3 /* Base */ = {isa = PBXFileReference; lastKnownFileType = file.storyboard; name = Base; path = JWDouYuZB/Base.lproj/Home.storyboard; sourceTree = SOURCE_ROOT; };
		D770C7E31E1E30190060EDC3 /* Live.storyboard */ = {isa = PBXFileReference; fileEncoding = 4; lastKnownFileType = file.storyboard; name = Live.storyboard; path = ../Main/Live.storyboard; sourceTree = "<group>"; };
		D770C7E61E1E302A0060EDC3 /* Base */ = {isa = PBXFileReference; lastKnownFileType = file.storyboard; name = Base; path = JWDouYuZB/Base.lproj/Follow.storyboard; sourceTree = SOURCE_ROOT; };
		D770C7E81E1E30410060EDC3 /* Profile.storyboard */ = {isa = PBXFileReference; fileEncoding = 4; lastKnownFileType = file.storyboard; name = Profile.storyboard; path = ../Main/Profile.storyboard; sourceTree = "<group>"; };
		D770C7F01E1E340A0060EDC3 /* HomeViewController.swift */ = {isa = PBXFileReference; fileEncoding = 4; lastKnownFileType = sourcecode.swift; path = HomeViewController.swift; sourceTree = "<group>"; };
		D770C7F31E1E37DD0060EDC3 /* UIBarButtonItem+Extension.swift */ = {isa = PBXFileReference; fileEncoding = 4; lastKnownFileType = sourcecode.swift; path = "UIBarButtonItem+Extension.swift"; sourceTree = "<group>"; };
		D770C7F51E1E3D3D0060EDC3 /* PageTitleView.swift */ = {isa = PBXFileReference; fileEncoding = 4; lastKnownFileType = sourcecode.swift; path = PageTitleView.swift; sourceTree = "<group>"; };
		D770C7F71E1E3F040060EDC3 /* Common.swift */ = {isa = PBXFileReference; fileEncoding = 4; lastKnownFileType = sourcecode.swift; path = Common.swift; sourceTree = "<group>"; };
		D770C7F91E1E4B6D0060EDC3 /* PageContentView.swift */ = {isa = PBXFileReference; fileEncoding = 4; lastKnownFileType = sourcecode.swift; path = PageContentView.swift; sourceTree = "<group>"; };
		D770C7FB1E1E4F0C0060EDC3 /* UIColor+Extension.swift */ = {isa = PBXFileReference; fileEncoding = 4; lastKnownFileType = sourcecode.swift; path = "UIColor+Extension.swift"; sourceTree = "<group>"; };
		D770C7FD1E1F7E570060EDC3 /* CommendViewController.swift */ = {isa = PBXFileReference; fileEncoding = 4; lastKnownFileType = sourcecode.swift; path = CommendViewController.swift; sourceTree = "<group>"; };
		D770C7FF1E1F88800060EDC3 /* CollectionHeaderView.swift */ = {isa = PBXFileReference; fileEncoding = 4; lastKnownFileType = sourcecode.swift; path = CollectionHeaderView.swift; sourceTree = "<group>"; };
		D770C8001E1F88800060EDC3 /* CollectionHeaderView.xib */ = {isa = PBXFileReference; fileEncoding = 4; lastKnownFileType = file.xib; path = CollectionHeaderView.xib; sourceTree = "<group>"; };
		D770C8031E1F8D570060EDC3 /* CollectionNormalCell.swift */ = {isa = PBXFileReference; fileEncoding = 4; lastKnownFileType = sourcecode.swift; path = CollectionNormalCell.swift; sourceTree = "<group>"; };
		D770C8041E1F8D570060EDC3 /* CollectionNormalCell.xib */ = {isa = PBXFileReference; fileEncoding = 4; lastKnownFileType = file.xib; path = CollectionNormalCell.xib; sourceTree = "<group>"; };
		D796CB041E2329D7001C3A7F /* CollectionPrettyCell.swift */ = {isa = PBXFileReference; fileEncoding = 4; lastKnownFileType = sourcecode.swift; path = CollectionPrettyCell.swift; sourceTree = "<group>"; };
		D796CB051E2329D7001C3A7F /* CollectionPrettyCell.xib */ = {isa = PBXFileReference; fileEncoding = 4; lastKnownFileType = file.xib; path = CollectionPrettyCell.xib; sourceTree = "<group>"; };
		D796CB081E2360F7001C3A7F /* NetWorkingTools.swift */ = {isa = PBXFileReference; fileEncoding = 4; lastKnownFileType = sourcecode.swift; path = NetWorkingTools.swift; sourceTree = "<group>"; };
		D796CB0B1E236994001C3A7F /* CommendViewModel.swift */ = {isa = PBXFileReference; fileEncoding = 4; lastKnownFileType = sourcecode.swift; path = CommendViewModel.swift; sourceTree = "<group>"; };
		D796CB0D1E236C12001C3A7F /* NSDate+Extension.swift */ = {isa = PBXFileReference; fileEncoding = 4; lastKnownFileType = sourcecode.swift; path = "NSDate+Extension.swift"; sourceTree = "<group>"; };
		D796CB0F1E236FA5001C3A7F /* AnchorGroup.swift */ = {isa = PBXFileReference; fileEncoding = 4; lastKnownFileType = sourcecode.swift; path = AnchorGroup.swift; sourceTree = "<group>"; };
		D796CB111E237737001C3A7F /* AnchorModel.swift */ = {isa = PBXFileReference; fileEncoding = 4; lastKnownFileType = sourcecode.swift; path = AnchorModel.swift; sourceTree = "<group>"; };
		D796CB131E24BAFA001C3A7F /* CommendCycleView.swift */ = {isa = PBXFileReference; fileEncoding = 4; lastKnownFileType = sourcecode.swift; path = CommendCycleView.swift; sourceTree = "<group>"; };
		D796CB151E24BB17001C3A7F /* CommendCycleView.xib */ = {isa = PBXFileReference; fileEncoding = 4; lastKnownFileType = file.xib; path = CommendCycleView.xib; sourceTree = "<group>"; };
		D796CB171E24C857001C3A7F /* CycleModel.swift */ = {isa = PBXFileReference; fileEncoding = 4; lastKnownFileType = sourcecode.swift; path = CycleModel.swift; sourceTree = "<group>"; };
		D796CB191E24CC48001C3A7F /* CollectionCycleCell.swift */ = {isa = PBXFileReference; fileEncoding = 4; lastKnownFileType = sourcecode.swift; path = CollectionCycleCell.swift; sourceTree = "<group>"; };
		D796CB1A1E24CC48001C3A7F /* CollectionCycleCell.xib */ = {isa = PBXFileReference; fileEncoding = 4; lastKnownFileType = file.xib; path = CollectionCycleCell.xib; sourceTree = "<group>"; };
		D796CB1D1E25D9FD001C3A7F /* CommendGameView.swift */ = {isa = PBXFileReference; fileEncoding = 4; lastKnownFileType = sourcecode.swift; path = CommendGameView.swift; sourceTree = "<group>"; };
		D796CB1F1E25DA07001C3A7F /* CommendGameView.xib */ = {isa = PBXFileReference; fileEncoding = 4; lastKnownFileType = file.xib; path = CommendGameView.xib; sourceTree = "<group>"; };
		D796CB211E25E0E2001C3A7F /* CollectionGameCell.swift */ = {isa = PBXFileReference; fileEncoding = 4; lastKnownFileType = sourcecode.swift; path = CollectionGameCell.swift; sourceTree = "<group>"; };
		D796CB221E25E0E2001C3A7F /* CollectionGameCell.xib */ = {isa = PBXFileReference; fileEncoding = 4; lastKnownFileType = file.xib; path = CollectionGameCell.xib; sourceTree = "<group>"; };
		D796CB251E260B4E001C3A7F /* GameViewController.swift */ = {isa = PBXFileReference; fileEncoding = 4; lastKnownFileType = sourcecode.swift; path = GameViewController.swift; sourceTree = "<group>"; };
		D796CB271E261146001C3A7F /* GameViewModel.swift */ = {isa = PBXFileReference; fileEncoding = 4; lastKnownFileType = sourcecode.swift; path = GameViewModel.swift; sourceTree = "<group>"; };
		D796CB291E261225001C3A7F /* GameModel.swift */ = {isa = PBXFileReference; fileEncoding = 4; lastKnownFileType = sourcecode.swift; path = GameModel.swift; sourceTree = "<group>"; };
		D796CB2B1E261685001C3A7F /* BaseGameModel.swift */ = {isa = PBXFileReference; fileEncoding = 4; lastKnownFileType = sourcecode.swift; path = BaseGameModel.swift; sourceTree = "<group>"; };
		D796CB2D1E273131001C3A7F /* AmuseViewController.swift */ = {isa = PBXFileReference; fileEncoding = 4; lastKnownFileType = sourcecode.swift; path = AmuseViewController.swift; sourceTree = "<group>"; };
		D796CB2F1E275803001C3A7F /* AmuseViewModel.swift */ = {isa = PBXFileReference; fileEncoding = 4; lastKnownFileType = sourcecode.swift; path = AmuseViewModel.swift; sourceTree = "<group>"; };
		D796CB321E287177001C3A7F /* BaseViewModel.swift */ = {isa = PBXFileReference; fileEncoding = 4; lastKnownFileType = sourcecode.swift; path = BaseViewModel.swift; sourceTree = "<group>"; };
		D796CB341E2873CA001C3A7F /* BaseAnchorViewController.swift */ = {isa = PBXFileReference; fileEncoding = 4; lastKnownFileType = sourcecode.swift; path = BaseAnchorViewController.swift; sourceTree = "<group>"; };
		D796CB361E2C67A2001C3A7F /* AmuseMenuView.swift */ = {isa = PBXFileReference; fileEncoding = 4; lastKnownFileType = sourcecode.swift; path = AmuseMenuView.swift; sourceTree = "<group>"; };
		D796CB381E2C67C1001C3A7F /* AmuseMenuView.xib */ = {isa = PBXFileReference; fileEncoding = 4; lastKnownFileType = file.xib; path = AmuseMenuView.xib; sourceTree = "<group>"; };
		D796CB3A1E2C6D58001C3A7F /* AmuseMenuCell.swift */ = {isa = PBXFileReference; fileEncoding = 4; lastKnownFileType = sourcecode.swift; path = AmuseMenuCell.swift; sourceTree = "<group>"; };
		D796CB3B1E2C6D58001C3A7F /* AmuseMenuCell.xib */ = {isa = PBXFileReference; fileEncoding = 4; lastKnownFileType = file.xib; path = AmuseMenuCell.xib; sourceTree = "<group>"; };
		D796CB3E1E2C9C8C001C3A7F /* FunnyViewController.swift */ = {isa = PBXFileReference; fileEncoding = 4; lastKnownFileType = sourcecode.swift; path = FunnyViewController.swift; sourceTree = "<group>"; };
		D796CB401E2CA058001C3A7F /* FunnyViewModel.swift */ = {isa = PBXFileReference; fileEncoding = 4; lastKnownFileType = sourcecode.swift; path = FunnyViewModel.swift; sourceTree = "<group>"; };
		D796CB421E2CA516001C3A7F /* BaseViewController.swift */ = {isa = PBXFileReference; fileEncoding = 4; lastKnownFileType = sourcecode.swift; path = BaseViewController.swift; sourceTree = "<group>"; };
		D796CB491E2CACA4001C3A7F /* RoomShowViewController.swift */ = {isa = PBXFileReference; fileEncoding = 4; lastKnownFileType = sourcecode.swift; path = RoomShowViewController.swift; sourceTree = "<group>"; };
		D796CB4B1E2CACC8001C3A7F /* RoomNormalViewController.swift */ = {isa = PBXFileReference; fileEncoding = 4; lastKnownFileType = sourcecode.swift; path = RoomNormalViewController.swift; sourceTree = "<group>"; };
		D796CB4D1E2CB10A001C3A7F /* CustomNavigationController.swift */ = {isa = PBXFileReference; fileEncoding = 4; lastKnownFileType = sourcecode.swift; path = CustomNavigationController.swift; sourceTree = "<group>"; };
/* End PBXFileReference section */

/* Begin PBXFrameworksBuildPhase section */
		D770C7BF1E1E208E0060EDC3 /* Frameworks */ = {
			isa = PBXFrameworksBuildPhase;
			buildActionMask = 2147483647;
			files = (
				5FDA0CF72F31336B38001D48 /* Pods_JWDouYuZB.framework in Frameworks */,
			);
			runOnlyForDeploymentPostprocessing = 0;
		};
/* End PBXFrameworksBuildPhase section */

/* Begin PBXGroup section */
		90E078EB310A401B718A4EE3 /* Frameworks */ = {
			isa = PBXGroup;
			children = (
				4F46BB8DA197D67AB2F516BB /* Pods_JWDouYuZB.framework */,
			);
			name = Frameworks;
			sourceTree = "<group>";
		};
		B9D2E5C60AE6CB2510263D98 /* Pods */ = {
			isa = PBXGroup;
			children = (
				AA34D2B861E8F0A93AF7C664 /* Pods-JWDouYuZB.debug.xcconfig */,
				49AD84D3D1665C6C55F330CD /* Pods-JWDouYuZB.release.xcconfig */,
			);
			name = Pods;
			sourceTree = "<group>";
		};
		D770C7B91E1E208E0060EDC3 = {
			isa = PBXGroup;
			children = (
				D770C7C41E1E208E0060EDC3 /* JWDouYuZB */,
				D770C7C31E1E208E0060EDC3 /* Products */,
				B9D2E5C60AE6CB2510263D98 /* Pods */,
				90E078EB310A401B718A4EE3 /* Frameworks */,
			);
			sourceTree = "<group>";
		};
		D770C7C31E1E208E0060EDC3 /* Products */ = {
			isa = PBXGroup;
			children = (
				D770C7C21E1E208E0060EDC3 /* JWDouYuZB.app */,
			);
			name = Products;
			sourceTree = "<group>";
		};
		D770C7C41E1E208E0060EDC3 /* JWDouYuZB */ = {
			isa = PBXGroup;
			children = (
				D770C7D71E1E28130060EDC3 /* Classes */,
				D770C7C51E1E208E0060EDC3 /* AppDelegate.swift */,
				D770C7CC1E1E208E0060EDC3 /* Assets.xcassets */,
				D770C7CE1E1E208E0060EDC3 /* LaunchScreen.storyboard */,
				D770C7D11E1E208E0060EDC3 /* Info.plist */,
			);
			path = JWDouYuZB;
			sourceTree = "<group>";
		};
		D770C7D71E1E28130060EDC3 /* Classes */ = {
			isa = PBXGroup;
			children = (
				D770C7DB1E1E28130060EDC3 /* Main */,
				D770C7D91E1E28130060EDC3 /* Home */,
				D770C7DA1E1E28130060EDC3 /* Live */,
				D770C7D81E1E28130060EDC3 /* Follow */,
				D770C7DC1E1E28130060EDC3 /* Profile */,
				D796CB441E2CAC7F001C3A7F /* Room */,
				D770C7DD1E1E28130060EDC3 /* Tools */,
			);
			path = Classes;
			sourceTree = "<group>";
		};
		D770C7D81E1E28130060EDC3 /* Follow */ = {
			isa = PBXGroup;
			children = (
				D770C7E51E1E302A0060EDC3 /* Follow.storyboard */,
			);
			path = Follow;
			sourceTree = "<group>";
		};
		D770C7D91E1E28130060EDC3 /* Home */ = {
			isa = PBXGroup;
			children = (
				D796CB0A1E236959001C3A7F /* ViewModel */,
				D770C7EA1E1E33860060EDC3 /* Model */,
				D770C7EB1E1E33860060EDC3 /* View */,
				D770C7EC1E1E33860060EDC3 /* Controller */,
			);
			path = Home;
			sourceTree = "<group>";
		};
		D770C7DA1E1E28130060EDC3 /* Live */ = {
			isa = PBXGroup;
			children = (
				D770C7E31E1E30190060EDC3 /* Live.storyboard */,
			);
			path = Live;
			sourceTree = "<group>";
		};
		D770C7DB1E1E28130060EDC3 /* Main */ = {
			isa = PBXGroup;
			children = (
				D770C7ED1E1E33AC0060EDC3 /* Controller */,
				D770C7EE1E1E33AC0060EDC3 /* Model */,
				D796CB311E28675B001C3A7F /* ViewModel */,
				D770C7EF1E1E33AC0060EDC3 /* View */,
				D770C7C91E1E208E0060EDC3 /* Main.storyboard */,
			);
			path = Main;
			sourceTree = "<group>";
		};
		D770C7DC1E1E28130060EDC3 /* Profile */ = {
			isa = PBXGroup;
			children = (
				D770C7E81E1E30410060EDC3 /* Profile.storyboard */,
			);
			path = Profile;
			sourceTree = "<group>";
		};
		D770C7DD1E1E28130060EDC3 /* Tools */ = {
			isa = PBXGroup;
			children = (
				D770C7F21E1E37C80060EDC3 /* Extension */,
				D770C7F71E1E3F040060EDC3 /* Common.swift */,
				D796CB081E2360F7001C3A7F /* NetWorkingTools.swift */,
			);
			path = Tools;
			sourceTree = "<group>";
		};
		D770C7EA1E1E33860060EDC3 /* Model */ = {
			isa = PBXGroup;
			children = (
				D796CB171E24C857001C3A7F /* CycleModel.swift */,
				D796CB291E261225001C3A7F /* GameModel.swift */,
			);
			path = Model;
			sourceTree = "<group>";
		};
		D770C7EB1E1E33860060EDC3 /* View */ = {
			isa = PBXGroup;
			children = (
				D770C7FF1E1F88800060EDC3 /* CollectionHeaderView.swift */,
				D770C8001E1F88800060EDC3 /* CollectionHeaderView.xib */,
				D796CB131E24BAFA001C3A7F /* CommendCycleView.swift */,
				D796CB151E24BB17001C3A7F /* CommendCycleView.xib */,
				D796CB191E24CC48001C3A7F /* CollectionCycleCell.swift */,
				D796CB1A1E24CC48001C3A7F /* CollectionCycleCell.xib */,
				D796CB1D1E25D9FD001C3A7F /* CommendGameView.swift */,
				D796CB1F1E25DA07001C3A7F /* CommendGameView.xib */,
				D796CB211E25E0E2001C3A7F /* CollectionGameCell.swift */,
				D796CB221E25E0E2001C3A7F /* CollectionGameCell.xib */,
				D796CB361E2C67A2001C3A7F /* AmuseMenuView.swift */,
				D796CB381E2C67C1001C3A7F /* AmuseMenuView.xib */,
				D796CB3A1E2C6D58001C3A7F /* AmuseMenuCell.swift */,
				D796CB3B1E2C6D58001C3A7F /* AmuseMenuCell.xib */,
			);
			path = View;
			sourceTree = "<group>";
		};
		D770C7EC1E1E33860060EDC3 /* Controller */ = {
			isa = PBXGroup;
			children = (
				D770C7E01E1E30090060EDC3 /* Home.storyboard */,
				D770C7F01E1E340A0060EDC3 /* HomeViewController.swift */,
				D770C7FD1E1F7E570060EDC3 /* CommendViewController.swift */,
				D796CB251E260B4E001C3A7F /* GameViewController.swift */,
				D796CB2D1E273131001C3A7F /* AmuseViewController.swift */,
				D796CB3E1E2C9C8C001C3A7F /* FunnyViewController.swift */,
			);
			path = Controller;
			sourceTree = "<group>";
		};
		D770C7ED1E1E33AC0060EDC3 /* Controller */ = {
			isa = PBXGroup;
			children = (
				D796CB341E2873CA001C3A7F /* BaseAnchorViewController.swift */,
				D796CB421E2CA516001C3A7F /* BaseViewController.swift */,
				D796CB4D1E2CB10A001C3A7F /* CustomNavigationController.swift */,
			);
			path = Controller;
			sourceTree = "<group>";
		};
		D770C7EE1E1E33AC0060EDC3 /* Model */ = {
			isa = PBXGroup;
			children = (
				D796CB0F1E236FA5001C3A7F /* AnchorGroup.swift */,
				D796CB111E237737001C3A7F /* AnchorModel.swift */,
				D796CB2B1E261685001C3A7F /* BaseGameModel.swift */,
			);
			path = Model;
			sourceTree = "<group>";
		};
		D770C7EF1E1E33AC0060EDC3 /* View */ = {
			isa = PBXGroup;
			children = (
				D770C7F51E1E3D3D0060EDC3 /* PageTitleView.swift */,
				D770C7F91E1E4B6D0060EDC3 /* PageContentView.swift */,
				D770C8031E1F8D570060EDC3 /* CollectionNormalCell.swift */,
				D770C8041E1F8D570060EDC3 /* CollectionNormalCell.xib */,
				D796CB041E2329D7001C3A7F /* CollectionPrettyCell.swift */,
				D796CB051E2329D7001C3A7F /* CollectionPrettyCell.xib */,
			);
			path = View;
			sourceTree = "<group>";
		};
		D770C7F21E1E37C80060EDC3 /* Extension */ = {
			isa = PBXGroup;
			children = (
				D770C7F31E1E37DD0060EDC3 /* UIBarButtonItem+Extension.swift */,
				D770C7FB1E1E4F0C0060EDC3 /* UIColor+Extension.swift */,
				D796CB0D1E236C12001C3A7F /* NSDate+Extension.swift */,
			);
			path = Extension;
			sourceTree = "<group>";
		};
		D796CB0A1E236959001C3A7F /* ViewModel */ = {
			isa = PBXGroup;
			children = (
				D796CB0B1E236994001C3A7F /* CommendViewModel.swift */,
				D796CB271E261146001C3A7F /* GameViewModel.swift */,
				D796CB2F1E275803001C3A7F /* AmuseViewModel.swift */,
				D796CB401E2CA058001C3A7F /* FunnyViewModel.swift */,
			);
			path = ViewModel;
			sourceTree = "<group>";
		};
		D796CB311E28675B001C3A7F /* ViewModel */ = {
			isa = PBXGroup;
			children = (
				D796CB321E287177001C3A7F /* BaseViewModel.swift */,
			);
			path = ViewModel;
			sourceTree = "<group>";
		};
		D796CB441E2CAC7F001C3A7F /* Room */ = {
			isa = PBXGroup;
			children = (
				D796CB451E2CAC7F001C3A7F /* Controller */,
				D796CB461E2CAC7F001C3A7F /* Model */,
				D796CB471E2CAC7F001C3A7F /* View */,
				D796CB481E2CAC7F001C3A7F /* ViewModel */,
			);
			path = Room;
			sourceTree = "<group>";
		};
		D796CB451E2CAC7F001C3A7F /* Controller */ = {
			isa = PBXGroup;
			children = (
				D796CB491E2CACA4001C3A7F /* RoomShowViewController.swift */,
				D796CB4B1E2CACC8001C3A7F /* RoomNormalViewController.swift */,
			);
			path = Controller;
			sourceTree = "<group>";
		};
		D796CB461E2CAC7F001C3A7F /* Model */ = {
			isa = PBXGroup;
			children = (
			);
			path = Model;
			sourceTree = "<group>";
		};
		D796CB471E2CAC7F001C3A7F /* View */ = {
			isa = PBXGroup;
			children = (
			);
			path = View;
			sourceTree = "<group>";
		};
		D796CB481E2CAC7F001C3A7F /* ViewModel */ = {
			isa = PBXGroup;
			children = (
			);
			path = ViewModel;
			sourceTree = "<group>";
		};
/* End PBXGroup section */

/* Begin PBXNativeTarget section */
		D770C7C11E1E208E0060EDC3 /* JWDouYuZB */ = {
			isa = PBXNativeTarget;
			buildConfigurationList = D770C7D41E1E208E0060EDC3 /* Build configuration list for PBXNativeTarget "JWDouYuZB" */;
			buildPhases = (
				FA3BE8E0A24667311087C0BE /* [CP] Check Pods Manifest.lock */,
				D770C7BE1E1E208E0060EDC3 /* Sources */,
				D770C7BF1E1E208E0060EDC3 /* Frameworks */,
				D770C7C01E1E208E0060EDC3 /* Resources */,
				7102DE95326233498E96AE41 /* [CP] Embed Pods Frameworks */,
				B4EC4F826C5C05FEF0E58FB0 /* [CP] Copy Pods Resources */,
			);
			buildRules = (
			);
			dependencies = (
			);
			name = JWDouYuZB;
			productName = JWDouYuZB;
			productReference = D770C7C21E1E208E0060EDC3 /* JWDouYuZB.app */;
			productType = "com.apple.product-type.application";
		};
/* End PBXNativeTarget section */

/* Begin PBXProject section */
		D770C7BA1E1E208E0060EDC3 /* Project object */ = {
			isa = PBXProject;
			attributes = {
				LastSwiftUpdateCheck = 0820;
				LastUpgradeCheck = 0820;
				ORGANIZATIONNAME = "简伟";
				TargetAttributes = {
					D770C7C11E1E208E0060EDC3 = {
						CreatedOnToolsVersion = 8.2;
						ProvisioningStyle = Automatic;
					};
				};
			};
			buildConfigurationList = D770C7BD1E1E208E0060EDC3 /* Build configuration list for PBXProject "JWDouYuZB" */;
			compatibilityVersion = "Xcode 3.2";
			developmentRegion = English;
			hasScannedForEncodings = 0;
			knownRegions = (
				en,
				Base,
			);
			mainGroup = D770C7B91E1E208E0060EDC3;
			productRefGroup = D770C7C31E1E208E0060EDC3 /* Products */;
			projectDirPath = "";
			projectRoot = "";
			targets = (
				D770C7C11E1E208E0060EDC3 /* JWDouYuZB */,
			);
		};
/* End PBXProject section */

/* Begin PBXResourcesBuildPhase section */
		D770C7C01E1E208E0060EDC3 /* Resources */ = {
			isa = PBXResourcesBuildPhase;
			buildActionMask = 2147483647;
			files = (
				D770C7D01E1E208E0060EDC3 /* LaunchScreen.storyboard in Resources */,
				D770C8021E1F88800060EDC3 /* CollectionHeaderView.xib in Resources */,
				D796CB3D1E2C6D58001C3A7F /* AmuseMenuCell.xib in Resources */,
				D770C8061E1F8D570060EDC3 /* CollectionNormalCell.xib in Resources */,
				D796CB161E24BB17001C3A7F /* CommendCycleView.xib in Resources */,
				D770C7CD1E1E208E0060EDC3 /* Assets.xcassets in Resources */,
				D770C7CB1E1E208E0060EDC3 /* Main.storyboard in Resources */,
				D770C7E41E1E30190060EDC3 /* Live.storyboard in Resources */,
				D796CB241E25E0E2001C3A7F /* CollectionGameCell.xib in Resources */,
				D796CB391E2C67C1001C3A7F /* AmuseMenuView.xib in Resources */,
				D770C7E21E1E30090060EDC3 /* Home.storyboard in Resources */,
				D796CB201E25DA07001C3A7F /* CommendGameView.xib in Resources */,
				D796CB1C1E24CC48001C3A7F /* CollectionCycleCell.xib in Resources */,
				D796CB071E2329D7001C3A7F /* CollectionPrettyCell.xib in Resources */,
				D770C7E91E1E30410060EDC3 /* Profile.storyboard in Resources */,
				D770C7E71E1E302A0060EDC3 /* Follow.storyboard in Resources */,
			);
			runOnlyForDeploymentPostprocessing = 0;
		};
/* End PBXResourcesBuildPhase section */

/* Begin PBXShellScriptBuildPhase section */
		7102DE95326233498E96AE41 /* [CP] Embed Pods Frameworks */ = {
			isa = PBXShellScriptBuildPhase;
			buildActionMask = 2147483647;
			files = (
			);
			inputPaths = (
			);
			name = "[CP] Embed Pods Frameworks";
			outputPaths = (
			);
			runOnlyForDeploymentPostprocessing = 0;
			shellPath = /bin/sh;
			shellScript = "\"${SRCROOT}/Pods/Target Support Files/Pods-JWDouYuZB/Pods-JWDouYuZB-frameworks.sh\"\n";
			showEnvVarsInLog = 0;
		};
		B4EC4F826C5C05FEF0E58FB0 /* [CP] Copy Pods Resources */ = {
			isa = PBXShellScriptBuildPhase;
			buildActionMask = 2147483647;
			files = (
			);
			inputPaths = (
			);
			name = "[CP] Copy Pods Resources";
			outputPaths = (
			);
			runOnlyForDeploymentPostprocessing = 0;
			shellPath = /bin/sh;
			shellScript = "\"${SRCROOT}/Pods/Target Support Files/Pods-JWDouYuZB/Pods-JWDouYuZB-resources.sh\"\n";
			showEnvVarsInLog = 0;
		};
		FA3BE8E0A24667311087C0BE /* [CP] Check Pods Manifest.lock */ = {
			isa = PBXShellScriptBuildPhase;
			buildActionMask = 2147483647;
			files = (
			);
			inputPaths = (
			);
			name = "[CP] Check Pods Manifest.lock";
			outputPaths = (
			);
			runOnlyForDeploymentPostprocessing = 0;
			shellPath = /bin/sh;
			shellScript = "diff \"${PODS_ROOT}/../Podfile.lock\" \"${PODS_ROOT}/Manifest.lock\" > /dev/null\nif [ $? != 0 ] ; then\n    # print error to STDERR\n    echo \"error: The sandbox is not in sync with the Podfile.lock. Run 'pod install' or update your CocoaPods installation.\" >&2\n    exit 1\nfi\n";
			showEnvVarsInLog = 0;
		};
/* End PBXShellScriptBuildPhase section */

/* Begin PBXSourcesBuildPhase section */
		D770C7BE1E1E208E0060EDC3 /* Sources */ = {
			isa = PBXSourcesBuildPhase;
			buildActionMask = 2147483647;
			files = (
				D770C8011E1F88800060EDC3 /* CollectionHeaderView.swift in Sources */,
				D796CB4A1E2CACA4001C3A7F /* RoomShowViewController.swift in Sources */,
				D796CB4C1E2CACC8001C3A7F /* RoomNormalViewController.swift in Sources */,
				D796CB411E2CA058001C3A7F /* FunnyViewModel.swift in Sources */,
				D770C7FE1E1F7E570060EDC3 /* CommendViewController.swift in Sources */,
				D770C7FC1E1E4F0C0060EDC3 /* UIColor+Extension.swift in Sources */,
				D796CB3F1E2C9C8C001C3A7F /* FunnyViewController.swift in Sources */,
				D770C7F61E1E3D3D0060EDC3 /* PageTitleView.swift in Sources */,
				D770C8051E1F8D570060EDC3 /* CollectionNormalCell.swift in Sources */,
				D796CB431E2CA516001C3A7F /* BaseViewController.swift in Sources */,
				D796CB2A1E261225001C3A7F /* GameModel.swift in Sources */,
				D796CB091E2360F7001C3A7F /* NetWorkingTools.swift in Sources */,
				D796CB0E1E236C12001C3A7F /* NSDate+Extension.swift in Sources */,
				D796CB2E1E273131001C3A7F /* AmuseViewController.swift in Sources */,
				D796CB3C1E2C6D58001C3A7F /* AmuseMenuCell.swift in Sources */,
				D796CB141E24BAFA001C3A7F /* CommendCycleView.swift in Sources */,
				D796CB2C1E261685001C3A7F /* BaseGameModel.swift in Sources */,
				D796CB061E2329D7001C3A7F /* CollectionPrettyCell.swift in Sources */,
				D796CB4E1E2CB10A001C3A7F /* CustomNavigationController.swift in Sources */,
				D796CB281E261146001C3A7F /* GameViewModel.swift in Sources */,
				D796CB121E237737001C3A7F /* AnchorModel.swift in Sources */,
				D770C7FA1E1E4B6D0060EDC3 /* PageContentView.swift in Sources */,
				D796CB1B1E24CC48001C3A7F /* CollectionCycleCell.swift in Sources */,
				D796CB301E275803001C3A7F /* AmuseViewModel.swift in Sources */,
				D796CB371E2C67A2001C3A7F /* AmuseMenuView.swift in Sources */,
				D796CB331E287177001C3A7F /* BaseViewModel.swift in Sources */,
				D796CB1E1E25D9FD001C3A7F /* CommendGameView.swift in Sources */,
				D770C7C61E1E208E0060EDC3 /* AppDelegate.swift in Sources */,
				D796CB181E24C857001C3A7F /* CycleModel.swift in Sources */,
				D770C7F41E1E37DD0060EDC3 /* UIBarButtonItem+Extension.swift in Sources */,
				D770C7F81E1E3F040060EDC3 /* Common.swift in Sources */,
				D796CB231E25E0E2001C3A7F /* CollectionGameCell.swift in Sources */,
				D796CB101E236FA5001C3A7F /* AnchorGroup.swift in Sources */,
				D796CB351E2873CA001C3A7F /* BaseAnchorViewController.swift in Sources */,
				D796CB0C1E236994001C3A7F /* CommendViewModel.swift in Sources */,
				D796CB261E260B4E001C3A7F /* GameViewController.swift in Sources */,
				D770C7F11E1E340A0060EDC3 /* HomeViewController.swift in Sources */,
			);
			runOnlyForDeploymentPostprocessing = 0;
		};
/* End PBXSourcesBuildPhase section */

/* Begin PBXVariantGroup section */
		D770C7C91E1E208E0060EDC3 /* Main.storyboard */ = {
			isa = PBXVariantGroup;
			children = (
				D770C7CA1E1E208E0060EDC3 /* Base */,
			);
			name = Main.storyboard;
			path = ../..;
			sourceTree = "<group>";
		};
		D770C7CE1E1E208E0060EDC3 /* LaunchScreen.storyboard */ = {
			isa = PBXVariantGroup;
			children = (
				D770C7CF1E1E208E0060EDC3 /* Base */,
			);
			name = LaunchScreen.storyboard;
			sourceTree = "<group>";
		};
		D770C7E01E1E30090060EDC3 /* Home.storyboard */ = {
			isa = PBXVariantGroup;
			children = (
				D770C7E11E1E30090060EDC3 /* Base */,
			);
			name = Home.storyboard;
			path = ../../Main;
			sourceTree = "<group>";
		};
		D770C7E51E1E302A0060EDC3 /* Follow.storyboard */ = {
			isa = PBXVariantGroup;
			children = (
				D770C7E61E1E302A0060EDC3 /* Base */,
			);
			name = Follow.storyboard;
			path = ../Main;
			sourceTree = "<group>";
		};
/* End PBXVariantGroup section */

/* Begin XCBuildConfiguration section */
		D770C7D21E1E208E0060EDC3 /* Debug */ = {
			isa = XCBuildConfiguration;
			buildSettings = {
				ALWAYS_SEARCH_USER_PATHS = NO;
				CLANG_ANALYZER_NONNULL = YES;
				CLANG_CXX_LANGUAGE_STANDARD = "gnu++0x";
				CLANG_CXX_LIBRARY = "libc++";
				CLANG_ENABLE_MODULES = YES;
				CLANG_ENABLE_OBJC_ARC = YES;
				CLANG_WARN_BOOL_CONVERSION = YES;
				CLANG_WARN_CONSTANT_CONVERSION = YES;
				CLANG_WARN_DIRECT_OBJC_ISA_USAGE = YES_ERROR;
				CLANG_WARN_DOCUMENTATION_COMMENTS = YES;
				CLANG_WARN_EMPTY_BODY = YES;
				CLANG_WARN_ENUM_CONVERSION = YES;
				CLANG_WARN_INFINITE_RECURSION = YES;
				CLANG_WARN_INT_CONVERSION = YES;
				CLANG_WARN_OBJC_ROOT_CLASS = YES_ERROR;
				CLANG_WARN_SUSPICIOUS_MOVE = YES;
				CLANG_WARN_UNREACHABLE_CODE = YES;
				CLANG_WARN__DUPLICATE_METHOD_MATCH = YES;
				"CODE_SIGN_IDENTITY[sdk=iphoneos*]" = "iPhone Developer";
				COPY_PHASE_STRIP = NO;
				DEBUG_INFORMATION_FORMAT = dwarf;
				ENABLE_STRICT_OBJC_MSGSEND = YES;
				ENABLE_TESTABILITY = YES;
				GCC_C_LANGUAGE_STANDARD = gnu99;
				GCC_DYNAMIC_NO_PIC = NO;
				GCC_NO_COMMON_BLOCKS = YES;
				GCC_OPTIMIZATION_LEVEL = 0;
				GCC_PREPROCESSOR_DEFINITIONS = (
					"DEBUG=1",
					"$(inherited)",
				);
				GCC_WARN_64_TO_32_BIT_CONVERSION = YES;
				GCC_WARN_ABOUT_RETURN_TYPE = YES_ERROR;
				GCC_WARN_UNDECLARED_SELECTOR = YES;
				GCC_WARN_UNINITIALIZED_AUTOS = YES_AGGRESSIVE;
				GCC_WARN_UNUSED_FUNCTION = YES;
				GCC_WARN_UNUSED_VARIABLE = YES;
				IPHONEOS_DEPLOYMENT_TARGET = 10.2;
				MTL_ENABLE_DEBUG_INFO = YES;
				ONLY_ACTIVE_ARCH = YES;
				SDKROOT = iphoneos;
				SWIFT_ACTIVE_COMPILATION_CONDITIONS = DEBUG;
				SWIFT_OPTIMIZATION_LEVEL = "-Onone";
			};
			name = Debug;
		};
		D770C7D31E1E208E0060EDC3 /* Release */ = {
			isa = XCBuildConfiguration;
			buildSettings = {
				ALWAYS_SEARCH_USER_PATHS = NO;
				CLANG_ANALYZER_NONNULL = YES;
				CLANG_CXX_LANGUAGE_STANDARD = "gnu++0x";
				CLANG_CXX_LIBRARY = "libc++";
				CLANG_ENABLE_MODULES = YES;
				CLANG_ENABLE_OBJC_ARC = YES;
				CLANG_WARN_BOOL_CONVERSION = YES;
				CLANG_WARN_CONSTANT_CONVERSION = YES;
				CLANG_WARN_DIRECT_OBJC_ISA_USAGE = YES_ERROR;
				CLANG_WARN_DOCUMENTATION_COMMENTS = YES;
				CLANG_WARN_EMPTY_BODY = YES;
				CLANG_WARN_ENUM_CONVERSION = YES;
				CLANG_WARN_INFINITE_RECURSION = YES;
				CLANG_WARN_INT_CONVERSION = YES;
				CLANG_WARN_OBJC_ROOT_CLASS = YES_ERROR;
				CLANG_WARN_SUSPICIOUS_MOVE = YES;
				CLANG_WARN_UNREACHABLE_CODE = YES;
				CLANG_WARN__DUPLICATE_METHOD_MATCH = YES;
				"CODE_SIGN_IDENTITY[sdk=iphoneos*]" = "iPhone Developer";
				COPY_PHASE_STRIP = NO;
				DEBUG_INFORMATION_FORMAT = "dwarf-with-dsym";
				ENABLE_NS_ASSERTIONS = NO;
				ENABLE_STRICT_OBJC_MSGSEND = YES;
				GCC_C_LANGUAGE_STANDARD = gnu99;
				GCC_NO_COMMON_BLOCKS = YES;
				GCC_WARN_64_TO_32_BIT_CONVERSION = YES;
				GCC_WARN_ABOUT_RETURN_TYPE = YES_ERROR;
				GCC_WARN_UNDECLARED_SELECTOR = YES;
				GCC_WARN_UNINITIALIZED_AUTOS = YES_AGGRESSIVE;
				GCC_WARN_UNUSED_FUNCTION = YES;
				GCC_WARN_UNUSED_VARIABLE = YES;
				IPHONEOS_DEPLOYMENT_TARGET = 10.2;
				MTL_ENABLE_DEBUG_INFO = NO;
				SDKROOT = iphoneos;
				SWIFT_OPTIMIZATION_LEVEL = "-Owholemodule";
				VALIDATE_PRODUCT = YES;
			};
			name = Release;
		};
		D770C7D51E1E208E0060EDC3 /* Debug */ = {
			isa = XCBuildConfiguration;
			baseConfigurationReference = AA34D2B861E8F0A93AF7C664 /* Pods-JWDouYuZB.debug.xcconfig */;
			buildSettings = {
				ASSETCATALOG_COMPILER_APPICON_NAME = AppIcon;
				ASSETCATALOG_COMPILER_LAUNCHIMAGE_NAME = LaunchImage;
				INFOPLIST_FILE = JWDouYuZB/Info.plist;
				IPHONEOS_DEPLOYMENT_TARGET = 9.0;
				LD_RUNPATH_SEARCH_PATHS = "$(inherited) @executable_path/Frameworks";
				PRODUCT_BUNDLE_IDENTIFIER = com.JW.JWDouYuZB;
				PRODUCT_NAME = "$(TARGET_NAME)";
				SWIFT_VERSION = 3.0;
			};
			name = Debug;
		};
		D770C7D61E1E208E0060EDC3 /* Release */ = {
			isa = XCBuildConfiguration;
			baseConfigurationReference = 49AD84D3D1665C6C55F330CD /* Pods-JWDouYuZB.release.xcconfig */;
			buildSettings = {
				ASSETCATALOG_COMPILER_APPICON_NAME = AppIcon;
				ASSETCATALOG_COMPILER_LAUNCHIMAGE_NAME = LaunchImage;
				INFOPLIST_FILE = JWDouYuZB/Info.plist;
				IPHONEOS_DEPLOYMENT_TARGET = 9.0;
				LD_RUNPATH_SEARCH_PATHS = "$(inherited) @executable_path/Frameworks";
				PRODUCT_BUNDLE_IDENTIFIER = com.JW.JWDouYuZB;
				PRODUCT_NAME = "$(TARGET_NAME)";
				SWIFT_VERSION = 3.0;
			};
			name = Release;
		};
/* End XCBuildConfiguration section */

/* Begin XCConfigurationList section */
		D770C7BD1E1E208E0060EDC3 /* Build configuration list for PBXProject "JWDouYuZB" */ = {
			isa = XCConfigurationList;
			buildConfigurations = (
				D770C7D21E1E208E0060EDC3 /* Debug */,
				D770C7D31E1E208E0060EDC3 /* Release */,
			);
			defaultConfigurationIsVisible = 0;
			defaultConfigurationName = Release;
		};
		D770C7D41E1E208E0060EDC3 /* Build configuration list for PBXNativeTarget "JWDouYuZB" */ = {
			isa = XCConfigurationList;
			buildConfigurations = (
				D770C7D51E1E208E0060EDC3 /* Debug */,
				D770C7D61E1E208E0060EDC3 /* Release */,
			);
			defaultConfigurationIsVisible = 0;
			defaultConfigurationName = Release;
		};
/* End XCConfigurationList section */
	};
	rootObject = D770C7BA1E1E208E0060EDC3 /* Project object */;
}
